
Microsoft Visual Studio Solution File, Format Version 12.00
# Visual Studio Version 16
VisualStudioVersion = 16.0.30907.101
MinimumVisualStudioVersion = 10.0.40219.1
Project("{9A19103F-16F7-4668-BE54-9A1E7A4F7556}") = "Metotlar", "Metotlar\Metotlar.csproj", "{DA49687F-24F9-4CC2-954D-CC0D48C48EC2}"
EndProject
Project("{9A19103F-16F7-4668-BE54-9A1E7A4F7556}") = "Matematik", "Matematik\Matematik.csproj", "{548306E0-A769-419C-A5B2-92EBB71508ED}"
EndProject
Project("{FAE04EC0-301F-11D3-BF4B-00C04F79EFBC}") = "DegerVeReferansTipler", "DegerVeReferansTipler\DegerVeReferansTipler.csproj", "{FC722C51-FB90-4FB6-9407-8B74698B53DC}"
EndProject
Global
	GlobalSection(SolutionConfigurationPlatforms) = preSolution
		Debug|Any CPU = Debug|Any CPU
		Release|Any CPU = Release|Any CPU
	EndGlobalSection
	GlobalSection(ProjectConfigurationPlatforms) = postSolution
		{DA49687F-24F9-4CC2-954D-CC0D48C48EC2}.Debug|Any CPU.ActiveCfg = Debug|Any CPU
		{DA49687F-24F9-4CC2-954D-CC0D48C48EC2}.Debug|Any CPU.Build.0 = Debug|Any CPU
		{DA49687F-24F9-4CC2-954D-CC0D48C48EC2}.Release|Any CPU.ActiveCfg = Release|Any CPU
		{DA49687F-24F9-4CC2-954D-CC0D48C48EC2}.Release|Any CPU.Build.0 = Release|Any CPU
		{548306E0-A769-419C-A5B2-92EBB71508ED}.Debug|Any CPU.ActiveCfg = Debug|Any CPU
		{548306E0-A769-419C-A5B2-92EBB71508ED}.Debug|Any CPU.Build.0 = Debug|Any CPU
		{548306E0-A769-419C-A5B2-92EBB71508ED}.Release|Any CPU.ActiveCfg = Release|Any CPU
		{548306E0-A769-419C-A5B2-92EBB71508ED}.Release|Any CPU.Build.0 = Release|Any CPU
		{FC722C51-FB90-4FB6-9407-8B74698B53DC}.Debug|Any CPU.ActiveCfg = Debug|Any CPU
		{FC722C51-FB90-4FB6-9407-8B74698B53DC}.Debug|Any CPU.Build.0 = Debug|Any CPU
		{FC722C51-FB90-4FB6-9407-8B74698B53DC}.Release|Any CPU.ActiveCfg = Release|Any CPU
		{FC722C51-FB90-4FB6-9407-8B74698B53DC}.Release|Any CPU.Build.0 = Release|Any CPU
	EndGlobalSection
	GlobalSection(SolutionProperties) = preSolution
		HideSolutionNode = FALSE
	EndGlobalSection
	GlobalSection(ExtensibilityGlobals) = postSolution
		SolutionGuid = {B3E70291-22C0-4302-89F4-17B4AB9A309D}
	EndGlobalSection
EndGlobal
